// !$*UTF8*$!
{
	archiveVersion = 1;
	classes = {
	};
	objectVersion = 46;
	objects = {

/* Begin PBXBuildFile section */
		993534271946B5B9009F7784 /* WeatherBasicView.m in Sources */ = {isa = PBXBuildFile; fileRef = 993534261946B5B9009F7784 /* WeatherBasicView.m */; };
		9935342A1946B5C8009F7784 /* WeatherExtraView.m in Sources */ = {isa = PBXBuildFile; fileRef = 993534291946B5C8009F7784 /* WeatherExtraView.m */; };
		9948166C1941FD4500A7F895 /* CityManageView.m in Sources */ = {isa = PBXBuildFile; fileRef = 9948166B1941FD4500A7F895 /* CityManageView.m */; };
		99592FFB1946B3F000B39EB3 /* WeatherContentView.m in Sources */ = {isa = PBXBuildFile; fileRef = 99592FFA1946B3F000B39EB3 /* WeatherContentView.m */; };
		998927A31949B18000DFC9BC /* ManageCityComponentViewController.m in Sources */ = {isa = PBXBuildFile; fileRef = 998927A21949B18000DFC9BC /* ManageCityComponentViewController.m */; };
		998927A61949B5C600DFC9BC /* CityItemCell.m in Sources */ = {isa = PBXBuildFile; fileRef = 998927A51949B5C600DFC9BC /* CityItemCell.m */; };
		99A745F7194E9F1300692D0E /* ChangeCityWeatherComponentViewController.m in Sources */ = {isa = PBXBuildFile; fileRef = 99A745F6194E9F1300692D0E /* ChangeCityWeatherComponentViewController.m */; };
		99A745FA194E9FD300692D0E /* M2Cell3DataNPagingEnabledView.m in Sources */ = {isa = PBXBuildFile; fileRef = 99A745F9194E9FD300692D0E /* M2Cell3DataNPagingEnabledView.m */; };
		99A7463B194ECDE600692D0E /* CCWCWeatherContentView.m in Sources */ = {isa = PBXBuildFile; fileRef = 99A7463A194ECDE600692D0E /* CCWCWeatherContentView.m */; };
		99D24F631946FDB200A3B2BE /* ManageCityViewController.m in Sources */ = {isa = PBXBuildFile; fileRef = 99D24F621946FDB200A3B2BE /* ManageCityViewController.m */; };
		99D24F661946FDDE00A3B2BE /* CityItem.m in Sources */ = {isa = PBXBuildFile; fileRef = 99D24F651946FDDE00A3B2BE /* CityItem.m */; };
		99D24F69194702AD00A3B2BE /* SelectCityViewController.m in Sources */ = {isa = PBXBuildFile; fileRef = 99D24F68194702AD00A3B2BE /* SelectCityViewController.m */; };
		99D24FBF19470BE400A3B2BE /* GMGridView.m in Sources */ = {isa = PBXBuildFile; fileRef = 99D24FB919470BE400A3B2BE /* GMGridView.m */; };
		99D24FC019470BE400A3B2BE /* GMGridViewCell.m in Sources */ = {isa = PBXBuildFile; fileRef = 99D24FBB19470BE400A3B2BE /* GMGridViewCell.m */; };
		99D24FC119470BE400A3B2BE /* GMGridViewLayoutStrategies.m in Sources */ = {isa = PBXBuildFile; fileRef = 99D24FBE19470BE400A3B2BE /* GMGridViewLayoutStrategies.m */; };
		99D24FC619470C1500A3B2BE /* UIGestureRecognizer+GMGridViewAdditions.m in Sources */ = {isa = PBXBuildFile; fileRef = 99D24FC319470C1500A3B2BE /* UIGestureRecognizer+GMGridViewAdditions.m */; };
		99D24FC719470C1500A3B2BE /* UIView+GMGridViewAdditions.m in Sources */ = {isa = PBXBuildFile; fileRef = 99D24FC519470C1500A3B2BE /* UIView+GMGridViewAdditions.m */; };
		99D24FCB19470C7B00A3B2BE /* ManageCityGMViewController.m in Sources */ = {isa = PBXBuildFile; fileRef = 99D24FCA19470C7B00A3B2BE /* ManageCityGMViewController.m */; };
		99D24FCE19470D9500A3B2BE /* CityGMCell.m in Sources */ = {isa = PBXBuildFile; fileRef = 99D24FCD19470D9500A3B2BE /* CityGMCell.m */; };
		99D60643194AE12500F8811A /* M2SimpleGridView.m in Sources */ = {isa = PBXBuildFile; fileRef = 99D60642194AE12500F8811A /* M2SimpleGridView.m */; };
		99D6064A194B04AD00F8811A /* m2_57@2x.png in Resources */ = {isa = PBXBuildFile; fileRef = 99D60649194B04AD00F8811A /* m2_57@2x.png */; };
		99D665E01941B05C00FE3B83 /* Foundation.framework in Frameworks */ = {isa = PBXBuildFile; fileRef = 99D665DF1941B05C00FE3B83 /* Foundation.framework */; };
		99D665E21941B05C00FE3B83 /* CoreGraphics.framework in Frameworks */ = {isa = PBXBuildFile; fileRef = 99D665E11941B05C00FE3B83 /* CoreGraphics.framework */; };
		99D665E41941B05C00FE3B83 /* UIKit.framework in Frameworks */ = {isa = PBXBuildFile; fileRef = 99D665E31941B05C00FE3B83 /* UIKit.framework */; };
		99D665EA1941B05C00FE3B83 /* InfoPlist.strings in Resources */ = {isa = PBXBuildFile; fileRef = 99D665E81941B05C00FE3B83 /* InfoPlist.strings */; };
		99D665EC1941B05C00FE3B83 /* main.m in Sources */ = {isa = PBXBuildFile; fileRef = 99D665EB1941B05C00FE3B83 /* main.m */; };
		99D665F01941B05C00FE3B83 /* AppDelegate.m in Sources */ = {isa = PBXBuildFile; fileRef = 99D665EF1941B05C00FE3B83 /* AppDelegate.m */; };
		99D665F21941B05D00FE3B83 /* Images.xcassets in Resources */ = {isa = PBXBuildFile; fileRef = 99D665F11941B05D00FE3B83 /* Images.xcassets */; };
		99D665F91941B05D00FE3B83 /* XCTest.framework in Frameworks */ = {isa = PBXBuildFile; fileRef = 99D665F81941B05D00FE3B83 /* XCTest.framework */; };
		99D665FA1941B05D00FE3B83 /* Foundation.framework in Frameworks */ = {isa = PBXBuildFile; fileRef = 99D665DF1941B05C00FE3B83 /* Foundation.framework */; };
		99D665FB1941B05D00FE3B83 /* UIKit.framework in Frameworks */ = {isa = PBXBuildFile; fileRef = 99D665E31941B05C00FE3B83 /* UIKit.framework */; };
		99D666031941B05D00FE3B83 /* InfoPlist.strings in Resources */ = {isa = PBXBuildFile; fileRef = 99D666011941B05D00FE3B83 /* InfoPlist.strings */; };
		99D666051941B05D00FE3B83 /* PrepareForWeatherTests.m in Sources */ = {isa = PBXBuildFile; fileRef = 99D666041941B05D00FE3B83 /* PrepareForWeatherTests.m */; };
		99D666101941B0DC00FE3B83 /* RootViewController.m in Sources */ = {isa = PBXBuildFile; fileRef = 99D6660F1941B0DC00FE3B83 /* RootViewController.m */; };
		99D666141941B1EF00FE3B83 /* ChangeCityWeatherViewController.m in Sources */ = {isa = PBXBuildFile; fileRef = 99D666131941B1EF00FE3B83 /* ChangeCityWeatherViewController.m */; };
		99D666171941B4AD00FE3B83 /* CityManager.m in Sources */ = {isa = PBXBuildFile; fileRef = 99D666161941B4AD00FE3B83 /* CityManager.m */; };
		99D6661A1941B51000FE3B83 /* ChangeCitiesView.m in Sources */ = {isa = PBXBuildFile; fileRef = 99D666191941B51000FE3B83 /* ChangeCitiesView.m */; };
		99D6661E1941C03800FE3B83 /* WeatherRootViewController.m in Sources */ = {isa = PBXBuildFile; fileRef = 99D6661D1941C03800FE3B83 /* WeatherRootViewController.m */; };
		99D666241941C08700FE3B83 /* SettingView.m in Sources */ = {isa = PBXBuildFile; fileRef = 99D666231941C08700FE3B83 /* SettingView.m */; };
		99D666271941C09600FE3B83 /* MainView.m in Sources */ = {isa = PBXBuildFile; fileRef = 99D666261941C09600FE3B83 /* MainView.m */; };
		99D6662A1941C11800FE3B83 /* MapView.m in Sources */ = {isa = PBXBuildFile; fileRef = 99D666291941C11800FE3B83 /* MapView.m */; };
		99D6662E1941CDC100FE3B83 /* WeatherView.m in Sources */ = {isa = PBXBuildFile; fileRef = 99D6662D1941CDC100FE3B83 /* WeatherView.m */; };
/* End PBXBuildFile section */

/* Begin PBXContainerItemProxy section */
		99D665FC1941B05D00FE3B83 /* PBXContainerItemProxy */ = {
			isa = PBXContainerItemProxy;
			containerPortal = 99D665D41941B05C00FE3B83 /* Project object */;
			proxyType = 1;
			remoteGlobalIDString = 99D665DB1941B05C00FE3B83;
			remoteInfo = PrepareForWeather;
		};
/* End PBXContainerItemProxy section */

/* Begin PBXFileReference section */
		993534251946B5B9009F7784 /* WeatherBasicView.h */ = {isa = PBXFileReference; fileEncoding = 4; lastKnownFileType = sourcecode.c.h; path = WeatherBasicView.h; sourceTree = "<group>"; };
		993534261946B5B9009F7784 /* WeatherBasicView.m */ = {isa = PBXFileReference; fileEncoding = 4; lastKnownFileType = sourcecode.c.objc; path = WeatherBasicView.m; sourceTree = "<group>"; };
		993534281946B5C8009F7784 /* WeatherExtraView.h */ = {isa = PBXFileReference; fileEncoding = 4; lastKnownFileType = sourcecode.c.h; path = WeatherExtraView.h; sourceTree = "<group>"; };
		993534291946B5C8009F7784 /* WeatherExtraView.m */ = {isa = PBXFileReference; fileEncoding = 4; lastKnownFileType = sourcecode.c.objc; path = WeatherExtraView.m; sourceTree = "<group>"; };
		9948166A1941FD4500A7F895 /* CityManageView.h */ = {isa = PBXFileReference; fileEncoding = 4; lastKnownFileType = sourcecode.c.h; path = CityManageView.h; sourceTree = "<group>"; };
		9948166B1941FD4500A7F895 /* CityManageView.m */ = {isa = PBXFileReference; fileEncoding = 4; lastKnownFileType = sourcecode.c.objc; path = CityManageView.m; sourceTree = "<group>"; };
		99592FF91946B3F000B39EB3 /* WeatherContentView.h */ = {isa = PBXFileReference; fileEncoding = 4; lastKnownFileType = sourcecode.c.h; path = WeatherContentView.h; sourceTree = "<group>"; };
		99592FFA1946B3F000B39EB3 /* WeatherContentView.m */ = {isa = PBXFileReference; fileEncoding = 4; lastKnownFileType = sourcecode.c.objc; path = WeatherContentView.m; sourceTree = "<group>"; };
		998927A11949B18000DFC9BC /* ManageCityComponentViewController.h */ = {isa = PBXFileReference; fileEncoding = 4; lastKnownFileType = sourcecode.c.h; path = ManageCityComponentViewController.h; sourceTree = "<group>"; };
		998927A21949B18000DFC9BC /* ManageCityComponentViewController.m */ = {isa = PBXFileReference; fileEncoding = 4; lastKnownFileType = sourcecode.c.objc; path = ManageCityComponentViewController.m; sourceTree = "<group>"; };
		998927A41949B5C600DFC9BC /* CityItemCell.h */ = {isa = PBXFileReference; fileEncoding = 4; lastKnownFileType = sourcecode.c.h; path = CityItemCell.h; sourceTree = "<group>"; };
		998927A51949B5C600DFC9BC /* CityItemCell.m */ = {isa = PBXFileReference; fileEncoding = 4; lastKnownFileType = sourcecode.c.objc; path = CityItemCell.m; sourceTree = "<group>"; };
		99A745F5194E9F1300692D0E /* ChangeCityWeatherComponentViewController.h */ = {isa = PBXFileReference; fileEncoding = 4; lastKnownFileType = sourcecode.c.h; path = ChangeCityWeatherComponentViewController.h; sourceTree = "<group>"; };
		99A745F6194E9F1300692D0E /* ChangeCityWeatherComponentViewController.m */ = {isa = PBXFileReference; fileEncoding = 4; lastKnownFileType = sourcecode.c.objc; path = ChangeCityWeatherComponentViewController.m; sourceTree = "<group>"; };
		99A745F8194E9FD300692D0E /* M2Cell3DataNPagingEnabledView.h */ = {isa = PBXFileReference; fileEncoding = 4; lastKnownFileType = sourcecode.c.h; path = M2Cell3DataNPagingEnabledView.h; sourceTree = "<group>"; };
		99A745F9194E9FD300692D0E /* M2Cell3DataNPagingEnabledView.m */ = {isa = PBXFileReference; fileEncoding = 4; lastKnownFileType = sourcecode.c.objc; path = M2Cell3DataNPagingEnabledView.m; sourceTree = "<group>"; };
		99A74639194ECDE600692D0E /* CCWCWeatherContentView.h */ = {isa = PBXFileReference; fileEncoding = 4; lastKnownFileType = sourcecode.c.h; path = CCWCWeatherContentView.h; sourceTree = "<group>"; };
		99A7463A194ECDE600692D0E /* CCWCWeatherContentView.m */ = {isa = PBXFileReference; fileEncoding = 4; lastKnownFileType = sourcecode.c.objc; path = CCWCWeatherContentView.m; sourceTree = "<group>"; };
		99D24F611946FDB200A3B2BE /* ManageCityViewController.h */ = {isa = PBXFileReference; fileEncoding = 4; lastKnownFileType = sourcecode.c.h; path = ManageCityViewController.h; sourceTree = "<group>"; };
		99D24F621946FDB200A3B2BE /* ManageCityViewController.m */ = {isa = PBXFileReference; fileEncoding = 4; lastKnownFileType = sourcecode.c.objc; path = ManageCityViewController.m; sourceTree = "<group>"; };
		99D24F641946FDDE00A3B2BE /* CityItem.h */ = {isa = PBXFileReference; fileEncoding = 4; lastKnownFileType = sourcecode.c.h; path = CityItem.h; sourceTree = "<group>"; };
		99D24F651946FDDE00A3B2BE /* CityItem.m */ = {isa = PBXFileReference; fileEncoding = 4; lastKnownFileType = sourcecode.c.objc; path = CityItem.m; sourceTree = "<group>"; };
		99D24F67194702AD00A3B2BE /* SelectCityViewController.h */ = {isa = PBXFileReference; fileEncoding = 4; lastKnownFileType = sourcecode.c.h; path = SelectCityViewController.h; sourceTree = "<group>"; };
		99D24F68194702AD00A3B2BE /* SelectCityViewController.m */ = {isa = PBXFileReference; fileEncoding = 4; lastKnownFileType = sourcecode.c.objc; path = SelectCityViewController.m; sourceTree = "<group>"; };
		99D24FB719470BE400A3B2BE /* GMGridView-Constants.h */ = {isa = PBXFileReference; fileEncoding = 4; lastKnownFileType = sourcecode.c.h; path = "GMGridView-Constants.h"; sourceTree = "<group>"; };
		99D24FB819470BE400A3B2BE /* GMGridView.h */ = {isa = PBXFileReference; fileEncoding = 4; lastKnownFileType = sourcecode.c.h; path = GMGridView.h; sourceTree = "<group>"; };
		99D24FB919470BE400A3B2BE /* GMGridView.m */ = {isa = PBXFileReference; fileEncoding = 4; lastKnownFileType = sourcecode.c.objc; path = GMGridView.m; sourceTree = "<group>"; };
		99D24FBA19470BE400A3B2BE /* GMGridViewCell.h */ = {isa = PBXFileReference; fileEncoding = 4; lastKnownFileType = sourcecode.c.h; path = GMGridViewCell.h; sourceTree = "<group>"; };
		99D24FBB19470BE400A3B2BE /* GMGridViewCell.m */ = {isa = PBXFileReference; fileEncoding = 4; lastKnownFileType = sourcecode.c.objc; path = GMGridViewCell.m; sourceTree = "<group>"; };
		99D24FBC19470BE400A3B2BE /* GMGridViewCell+Extended.h */ = {isa = PBXFileReference; fileEncoding = 4; lastKnownFileType = sourcecode.c.h; path = "GMGridViewCell+Extended.h"; sourceTree = "<group>"; };
		99D24FBD19470BE400A3B2BE /* GMGridViewLayoutStrategies.h */ = {isa = PBXFileReference; fileEncoding = 4; lastKnownFileType = sourcecode.c.h; path = GMGridViewLayoutStrategies.h; sourceTree = "<group>"; };
		99D24FBE19470BE400A3B2BE /* GMGridViewLayoutStrategies.m */ = {isa = PBXFileReference; fileEncoding = 4; lastKnownFileType = sourcecode.c.objc; path = GMGridViewLayoutStrategies.m; sourceTree = "<group>"; };
		99D24FC219470C1500A3B2BE /* UIGestureRecognizer+GMGridViewAdditions.h */ = {isa = PBXFileReference; fileEncoding = 4; lastKnownFileType = sourcecode.c.h; path = "UIGestureRecognizer+GMGridViewAdditions.h"; sourceTree = "<group>"; };
		99D24FC319470C1500A3B2BE /* UIGestureRecognizer+GMGridViewAdditions.m */ = {isa = PBXFileReference; fileEncoding = 4; lastKnownFileType = sourcecode.c.objc; path = "UIGestureRecognizer+GMGridViewAdditions.m"; sourceTree = "<group>"; };
		99D24FC419470C1500A3B2BE /* UIView+GMGridViewAdditions.h */ = {isa = PBXFileReference; fileEncoding = 4; lastKnownFileType = sourcecode.c.h; path = "UIView+GMGridViewAdditions.h"; sourceTree = "<group>"; };
		99D24FC519470C1500A3B2BE /* UIView+GMGridViewAdditions.m */ = {isa = PBXFileReference; fileEncoding = 4; lastKnownFileType = sourcecode.c.objc; path = "UIView+GMGridViewAdditions.m"; sourceTree = "<group>"; };
		99D24FC919470C7B00A3B2BE /* ManageCityGMViewController.h */ = {isa = PBXFileReference; fileEncoding = 4; lastKnownFileType = sourcecode.c.h; path = ManageCityGMViewController.h; sourceTree = "<group>"; };
		99D24FCA19470C7B00A3B2BE /* ManageCityGMViewController.m */ = {isa = PBXFileReference; fileEncoding = 4; lastKnownFileType = sourcecode.c.objc; path = ManageCityGMViewController.m; sourceTree = "<group>"; };
		99D24FCC19470D9500A3B2BE /* CityGMCell.h */ = {isa = PBXFileReference; fileEncoding = 4; lastKnownFileType = sourcecode.c.h; path = CityGMCell.h; sourceTree = "<group>"; };
		99D24FCD19470D9500A3B2BE /* CityGMCell.m */ = {isa = PBXFileReference; fileEncoding = 4; lastKnownFileType = sourcecode.c.objc; path = CityGMCell.m; sourceTree = "<group>"; };
		99D60641194AE12500F8811A /* M2SimpleGridView.h */ = {isa = PBXFileReference; fileEncoding = 4; lastKnownFileType = sourcecode.c.h; path = M2SimpleGridView.h; sourceTree = "<group>"; };
		99D60642194AE12500F8811A /* M2SimpleGridView.m */ = {isa = PBXFileReference; fileEncoding = 4; lastKnownFileType = sourcecode.c.objc; path = M2SimpleGridView.m; sourceTree = "<group>"; };
		99D60649194B04AD00F8811A /* m2_57@2x.png */ = {isa = PBXFileReference; lastKnownFileType = image.png; path = "m2_57@2x.png"; sourceTree = "<group>"; };
		99D665DC1941B05C00FE3B83 /* PrepareForWeather.app */ = {isa = PBXFileReference; explicitFileType = wrapper.application; includeInIndex = 0; path = PrepareForWeather.app; sourceTree = BUILT_PRODUCTS_DIR; };
		99D665DF1941B05C00FE3B83 /* Foundation.framework */ = {isa = PBXFileReference; lastKnownFileType = wrapper.framework; name = Foundation.framework; path = System/Library/Frameworks/Foundation.framework; sourceTree = SDKROOT; };
		99D665E11941B05C00FE3B83 /* CoreGraphics.framework */ = {isa = PBXFileReference; lastKnownFileType = wrapper.framework; name = CoreGraphics.framework; path = System/Library/Frameworks/CoreGraphics.framework; sourceTree = SDKROOT; };
		99D665E31941B05C00FE3B83 /* UIKit.framework */ = {isa = PBXFileReference; lastKnownFileType = wrapper.framework; name = UIKit.framework; path = System/Library/Frameworks/UIKit.framework; sourceTree = SDKROOT; };
		99D665E71941B05C00FE3B83 /* PrepareForWeather-Info.plist */ = {isa = PBXFileReference; lastKnownFileType = text.plist.xml; path = "PrepareForWeather-Info.plist"; sourceTree = "<group>"; };
		99D665E91941B05C00FE3B83 /* en */ = {isa = PBXFileReference; lastKnownFileType = text.plist.strings; name = en; path = en.lproj/InfoPlist.strings; sourceTree = "<group>"; };
		99D665EB1941B05C00FE3B83 /* main.m */ = {isa = PBXFileReference; lastKnownFileType = sourcecode.c.objc; path = main.m; sourceTree = "<group>"; };
		99D665ED1941B05C00FE3B83 /* PrepareForWeather-Prefix.pch */ = {isa = PBXFileReference; lastKnownFileType = sourcecode.c.h; path = "PrepareForWeather-Prefix.pch"; sourceTree = "<group>"; };
		99D665EE1941B05C00FE3B83 /* AppDelegate.h */ = {isa = PBXFileReference; lastKnownFileType = sourcecode.c.h; path = AppDelegate.h; sourceTree = "<group>"; };
		99D665EF1941B05C00FE3B83 /* AppDelegate.m */ = {isa = PBXFileReference; lastKnownFileType = sourcecode.c.objc; path = AppDelegate.m; sourceTree = "<group>"; };
		99D665F11941B05D00FE3B83 /* Images.xcassets */ = {isa = PBXFileReference; lastKnownFileType = folder.assetcatalog; path = Images.xcassets; sourceTree = "<group>"; };
		99D665F71941B05D00FE3B83 /* PrepareForWeatherTests.xctest */ = {isa = PBXFileReference; explicitFileType = wrapper.cfbundle; includeInIndex = 0; path = PrepareForWeatherTests.xctest; sourceTree = BUILT_PRODUCTS_DIR; };
		99D665F81941B05D00FE3B83 /* XCTest.framework */ = {isa = PBXFileReference; lastKnownFileType = wrapper.framework; name = XCTest.framework; path = Library/Frameworks/XCTest.framework; sourceTree = DEVELOPER_DIR; };
		99D666001941B05D00FE3B83 /* PrepareForWeatherTests-Info.plist */ = {isa = PBXFileReference; lastKnownFileType = text.plist.xml; path = "PrepareForWeatherTests-Info.plist"; sourceTree = "<group>"; };
		99D666021941B05D00FE3B83 /* en */ = {isa = PBXFileReference; lastKnownFileType = text.plist.strings; name = en; path = en.lproj/InfoPlist.strings; sourceTree = "<group>"; };
		99D666041941B05D00FE3B83 /* PrepareForWeatherTests.m */ = {isa = PBXFileReference; lastKnownFileType = sourcecode.c.objc; path = PrepareForWeatherTests.m; sourceTree = "<group>"; };
		99D6660E1941B0DC00FE3B83 /* RootViewController.h */ = {isa = PBXFileReference; fileEncoding = 4; lastKnownFileType = sourcecode.c.h; path = RootViewController.h; sourceTree = "<group>"; };
		99D6660F1941B0DC00FE3B83 /* RootViewController.m */ = {isa = PBXFileReference; fileEncoding = 4; lastKnownFileType = sourcecode.c.objc; path = RootViewController.m; sourceTree = "<group>"; };
		99D666121941B1EF00FE3B83 /* ChangeCityWeatherViewController.h */ = {isa = PBXFileReference; fileEncoding = 4; lastKnownFileType = sourcecode.c.h; path = ChangeCityWeatherViewController.h; sourceTree = "<group>"; };
		99D666131941B1EF00FE3B83 /* ChangeCityWeatherViewController.m */ = {isa = PBXFileReference; fileEncoding = 4; lastKnownFileType = sourcecode.c.objc; path = ChangeCityWeatherViewController.m; sourceTree = "<group>"; };
		99D666151941B4AD00FE3B83 /* CityManager.h */ = {isa = PBXFileReference; fileEncoding = 4; lastKnownFileType = sourcecode.c.h; path = CityManager.h; sourceTree = "<group>"; };
		99D666161941B4AD00FE3B83 /* CityManager.m */ = {isa = PBXFileReference; fileEncoding = 4; lastKnownFileType = sourcecode.c.objc; path = CityManager.m; sourceTree = "<group>"; };
		99D666181941B51000FE3B83 /* ChangeCitiesView.h */ = {isa = PBXFileReference; fileEncoding = 4; lastKnownFileType = sourcecode.c.h; path = ChangeCitiesView.h; sourceTree = "<group>"; };
		99D666191941B51000FE3B83 /* ChangeCitiesView.m */ = {isa = PBXFileReference; fileEncoding = 4; lastKnownFileType = sourcecode.c.objc; path = ChangeCitiesView.m; sourceTree = "<group>"; };
		99D6661C1941C03800FE3B83 /* WeatherRootViewController.h */ = {isa = PBXFileReference; fileEncoding = 4; lastKnownFileType = sourcecode.c.h; path = WeatherRootViewController.h; sourceTree = "<group>"; };
		99D6661D1941C03800FE3B83 /* WeatherRootViewController.m */ = {isa = PBXFileReference; fileEncoding = 4; lastKnownFileType = sourcecode.c.objc; path = WeatherRootViewController.m; sourceTree = "<group>"; };
		99D666221941C08700FE3B83 /* SettingView.h */ = {isa = PBXFileReference; fileEncoding = 4; lastKnownFileType = sourcecode.c.h; path = SettingView.h; sourceTree = "<group>"; };
		99D666231941C08700FE3B83 /* SettingView.m */ = {isa = PBXFileReference; fileEncoding = 4; lastKnownFileType = sourcecode.c.objc; path = SettingView.m; sourceTree = "<group>"; };
		99D666251941C09600FE3B83 /* MainView.h */ = {isa = PBXFileReference; fileEncoding = 4; lastKnownFileType = sourcecode.c.h; path = MainView.h; sourceTree = "<group>"; };
		99D666261941C09600FE3B83 /* MainView.m */ = {isa = PBXFileReference; fileEncoding = 4; lastKnownFileType = sourcecode.c.objc; path = MainView.m; sourceTree = "<group>"; };
		99D666281941C11800FE3B83 /* MapView.h */ = {isa = PBXFileReference; fileEncoding = 4; lastKnownFileType = sourcecode.c.h; path = MapView.h; sourceTree = "<group>"; };
		99D666291941C11800FE3B83 /* MapView.m */ = {isa = PBXFileReference; fileEncoding = 4; lastKnownFileType = sourcecode.c.objc; path = MapView.m; sourceTree = "<group>"; };
		99D6662C1941CDC100FE3B83 /* WeatherView.h */ = {isa = PBXFileReference; fileEncoding = 4; lastKnownFileType = sourcecode.c.h; path = WeatherView.h; sourceTree = "<group>"; };
		99D6662D1941CDC100FE3B83 /* WeatherView.m */ = {isa = PBXFileReference; fileEncoding = 4; lastKnownFileType = sourcecode.c.objc; path = WeatherView.m; sourceTree = "<group>"; };
/* End PBXFileReference section */

/* Begin PBXFrameworksBuildPhase section */
		99D665D91941B05C00FE3B83 /* Frameworks */ = {
			isa = PBXFrameworksBuildPhase;
			buildActionMask = 2147483647;
			files = (
				99D665E21941B05C00FE3B83 /* CoreGraphics.framework in Frameworks */,
				99D665E41941B05C00FE3B83 /* UIKit.framework in Frameworks */,
				99D665E01941B05C00FE3B83 /* Foundation.framework in Frameworks */,
			);
			runOnlyForDeploymentPostprocessing = 0;
		};
		99D665F41941B05D00FE3B83 /* Frameworks */ = {
			isa = PBXFrameworksBuildPhase;
			buildActionMask = 2147483647;
			files = (
				99D665F91941B05D00FE3B83 /* XCTest.framework in Frameworks */,
				99D665FB1941B05D00FE3B83 /* UIKit.framework in Frameworks */,
				99D665FA1941B05D00FE3B83 /* Foundation.framework in Frameworks */,
			);
			runOnlyForDeploymentPostprocessing = 0;
		};
/* End PBXFrameworksBuildPhase section */

/* Begin PBXGroup section */
		993534241946B58C009F7784 /* WeatherContentViewSub */ = {
			isa = PBXGroup;
			children = (
				993534251946B5B9009F7784 /* WeatherBasicView.h */,
				993534261946B5B9009F7784 /* WeatherBasicView.m */,
				993534281946B5C8009F7784 /* WeatherExtraView.h */,
				993534291946B5C8009F7784 /* WeatherExtraView.m */,
			);
			name = WeatherContentViewSub;
			sourceTree = "<group>";
		};
		99592FF81946B3BF00B39EB3 /* WeatherViewSub */ = {
			isa = PBXGroup;
			children = (
				99592FF91946B3F000B39EB3 /* WeatherContentView.h */,
				99592FFA1946B3F000B39EB3 /* WeatherContentView.m */,
				993534241946B58C009F7784 /* WeatherContentViewSub */,
			);
			name = WeatherViewSub;
			sourceTree = "<group>";
		};
		998927A01949B13C00DFC9BC /* 管理城市控件 */ = {
			isa = PBXGroup;
			children = (
				998927A11949B18000DFC9BC /* ManageCityComponentViewController.h */,
				998927A21949B18000DFC9BC /* ManageCityComponentViewController.m */,
				998927A41949B5C600DFC9BC /* CityItemCell.h */,
				998927A51949B5C600DFC9BC /* CityItemCell.m */,
				99D60641194AE12500F8811A /* M2SimpleGridView.h */,
				99D60642194AE12500F8811A /* M2SimpleGridView.m */,
			);
			name = "管理城市控件";
			sourceTree = "<group>";
		};
		99A745F4194E9EA700692D0E /* 切换城市天气控件 */ = {
			isa = PBXGroup;
			children = (
				99A745F5194E9F1300692D0E /* ChangeCityWeatherComponentViewController.h */,
				99A745F6194E9F1300692D0E /* ChangeCityWeatherComponentViewController.m */,
				99A745F8194E9FD300692D0E /* M2Cell3DataNPagingEnabledView.h */,
				99A745F9194E9FD300692D0E /* M2Cell3DataNPagingEnabledView.m */,
				99A74639194ECDE600692D0E /* CCWCWeatherContentView.h */,
				99A7463A194ECDE600692D0E /* CCWCWeatherContentView.m */,
			);
			name = "切换城市天气控件";
			sourceTree = "<group>";
		};
		99D24F601946FD9000A3B2BE /* 管理城市 */ = {
			isa = PBXGroup;
			children = (
				99D24F611946FDB200A3B2BE /* ManageCityViewController.h */,
				99D24F621946FDB200A3B2BE /* ManageCityViewController.m */,
				99D24F641946FDDE00A3B2BE /* CityItem.h */,
				99D24F651946FDDE00A3B2BE /* CityItem.m */,
				99D24F67194702AD00A3B2BE /* SelectCityViewController.h */,
				99D24F68194702AD00A3B2BE /* SelectCityViewController.m */,
			);
			name = "管理城市";
			sourceTree = "<group>";
		};
		99D24F8A19470B5000A3B2BE /* 3party */ = {
			isa = PBXGroup;
			children = (
				99D24FB619470BD200A3B2BE /* GM */,
			);
			name = 3party;
			sourceTree = "<group>";
		};
		99D24FB619470BD200A3B2BE /* GM */ = {
			isa = PBXGroup;
			children = (
				99D24FB719470BE400A3B2BE /* GMGridView-Constants.h */,
				99D24FB819470BE400A3B2BE /* GMGridView.h */,
				99D24FB919470BE400A3B2BE /* GMGridView.m */,
				99D24FBA19470BE400A3B2BE /* GMGridViewCell.h */,
				99D24FBB19470BE400A3B2BE /* GMGridViewCell.m */,
				99D24FBC19470BE400A3B2BE /* GMGridViewCell+Extended.h */,
				99D24FBD19470BE400A3B2BE /* GMGridViewLayoutStrategies.h */,
				99D24FBE19470BE400A3B2BE /* GMGridViewLayoutStrategies.m */,
				99D24FC219470C1500A3B2BE /* UIGestureRecognizer+GMGridViewAdditions.h */,
				99D24FC319470C1500A3B2BE /* UIGestureRecognizer+GMGridViewAdditions.m */,
				99D24FC419470C1500A3B2BE /* UIView+GMGridViewAdditions.h */,
				99D24FC519470C1500A3B2BE /* UIView+GMGridViewAdditions.m */,
			);
			path = GM;
			sourceTree = "<group>";
		};
		99D24FC819470C5E00A3B2BE /* 管理城市GM版_已废弃 */ = {
			isa = PBXGroup;
			children = (
				99D24FC919470C7B00A3B2BE /* ManageCityGMViewController.h */,
				99D24FCA19470C7B00A3B2BE /* ManageCityGMViewController.m */,
				99D24FCC19470D9500A3B2BE /* CityGMCell.h */,
				99D24FCD19470D9500A3B2BE /* CityGMCell.m */,
			);
			name = "管理城市GM版_已废弃";
			sourceTree = "<group>";
		};
		99D60647194B049100F8811A /* Resources */ = {
			isa = PBXGroup;
			children = (
				99D60648194B049100F8811A /* Images */,
			);
			path = Resources;
			sourceTree = "<group>";
		};
		99D60648194B049100F8811A /* Images */ = {
			isa = PBXGroup;
			children = (
				99D60649194B04AD00F8811A /* m2_57@2x.png */,
			);
			path = Images;
			sourceTree = "<group>";
		};
		99D665D31941B05C00FE3B83 = {
			isa = PBXGroup;
			children = (
				99D665E51941B05C00FE3B83 /* PrepareForWeather */,
				99D665FE1941B05D00FE3B83 /* PrepareForWeatherTests */,
				99D665DE1941B05C00FE3B83 /* Frameworks */,
				99D665DD1941B05C00FE3B83 /* Products */,
			);
			sourceTree = "<group>";
		};
		99D665DD1941B05C00FE3B83 /* Products */ = {
			isa = PBXGroup;
			children = (
				99D665DC1941B05C00FE3B83 /* PrepareForWeather.app */,
				99D665F71941B05D00FE3B83 /* PrepareForWeatherTests.xctest */,
			);
			name = Products;
			sourceTree = "<group>";
		};
		99D665DE1941B05C00FE3B83 /* Frameworks */ = {
			isa = PBXGroup;
			children = (
				99D665DF1941B05C00FE3B83 /* Foundation.framework */,
				99D665E11941B05C00FE3B83 /* CoreGraphics.framework */,
				99D665E31941B05C00FE3B83 /* UIKit.framework */,
				99D665F81941B05D00FE3B83 /* XCTest.framework */,
			);
			name = Frameworks;
			sourceTree = "<group>";
		};
		99D665E51941B05C00FE3B83 /* PrepareForWeather */ = {
			isa = PBXGroup;
			children = (
				99D665EE1941B05C00FE3B83 /* AppDelegate.h */,
				99D665EF1941B05C00FE3B83 /* AppDelegate.m */,
				99D6660E1941B0DC00FE3B83 /* RootViewController.h */,
				99D6660F1941B0DC00FE3B83 /* RootViewController.m */,
				99D6661B1941BBEC00FE3B83 /* 界面组织 */,
				99D666111941B1C500FE3B83 /* 切换城市天气 */,
				99A745F4194E9EA700692D0E /* 切换城市天气控件 */,
				99D24F601946FD9000A3B2BE /* 管理城市 */,
				998927A01949B13C00DFC9BC /* 管理城市控件 */,
				99D24FC819470C5E00A3B2BE /* 管理城市GM版_已废弃 */,
				99D24F8A19470B5000A3B2BE /* 3party */,
				99D665F11941B05D00FE3B83 /* Images.xcassets */,
				99D60647194B049100F8811A /* Resources */,
				99D665E61941B05C00FE3B83 /* Supporting Files */,
			);
			path = PrepareForWeather;
			sourceTree = "<group>";
		};
		99D665E61941B05C00FE3B83 /* Supporting Files */ = {
			isa = PBXGroup;
			children = (
				99D665E71941B05C00FE3B83 /* PrepareForWeather-Info.plist */,
				99D665E81941B05C00FE3B83 /* InfoPlist.strings */,
				99D665EB1941B05C00FE3B83 /* main.m */,
				99D665ED1941B05C00FE3B83 /* PrepareForWeather-Prefix.pch */,
			);
			name = "Supporting Files";
			sourceTree = "<group>";
		};
		99D665FE1941B05D00FE3B83 /* PrepareForWeatherTests */ = {
			isa = PBXGroup;
			children = (
				99D666041941B05D00FE3B83 /* PrepareForWeatherTests.m */,
				99D665FF1941B05D00FE3B83 /* Supporting Files */,
			);
			path = PrepareForWeatherTests;
			sourceTree = "<group>";
		};
		99D665FF1941B05D00FE3B83 /* Supporting Files */ = {
			isa = PBXGroup;
			children = (
				99D666001941B05D00FE3B83 /* PrepareForWeatherTests-Info.plist */,
				99D666011941B05D00FE3B83 /* InfoPlist.strings */,
			);
			name = "Supporting Files";
			sourceTree = "<group>";
		};
		99D666111941B1C500FE3B83 /* 切换城市天气 */ = {
			isa = PBXGroup;
			children = (
				99D666121941B1EF00FE3B83 /* ChangeCityWeatherViewController.h */,
				99D666131941B1EF00FE3B83 /* ChangeCityWeatherViewController.m */,
				99D666181941B51000FE3B83 /* ChangeCitiesView.h */,
				99D666191941B51000FE3B83 /* ChangeCitiesView.m */,
				99D666151941B4AD00FE3B83 /* CityManager.h */,
				99D666161941B4AD00FE3B83 /* CityManager.m */,
			);
			name = "切换城市天气";
			sourceTree = "<group>";
		};
		99D6661B1941BBEC00FE3B83 /* 界面组织 */ = {
			isa = PBXGroup;
			children = (
				99D6661C1941C03800FE3B83 /* WeatherRootViewController.h */,
				99D6661D1941C03800FE3B83 /* WeatherRootViewController.m */,
				99D666251941C09600FE3B83 /* MainView.h */,
				99D666261941C09600FE3B83 /* MainView.m */,
				99D6662B1941C12100FE3B83 /* MainViewSub */,
				99D666281941C11800FE3B83 /* MapView.h */,
				99D666291941C11800FE3B83 /* MapView.m */,
			);
			name = "界面组织";
			sourceTree = "<group>";
		};
		99D6662B1941C12100FE3B83 /* MainViewSub */ = {
			isa = PBXGroup;
			children = (
				99D6662C1941CDC100FE3B83 /* WeatherView.h */,
				99D6662D1941CDC100FE3B83 /* WeatherView.m */,
				99592FF81946B3BF00B39EB3 /* WeatherViewSub */,
				99D666221941C08700FE3B83 /* SettingView.h */,
				99D666231941C08700FE3B83 /* SettingView.m */,
				9948166A1941FD4500A7F895 /* CityManageView.h */,
				9948166B1941FD4500A7F895 /* CityManageView.m */,
			);
			name = MainViewSub;
			sourceTree = "<group>";
		};
/* End PBXGroup section */

/* Begin PBXNativeTarget section */
		99D665DB1941B05C00FE3B83 /* PrepareForWeather */ = {
			isa = PBXNativeTarget;
			buildConfigurationList = 99D666081941B05D00FE3B83 /* Build configuration list for PBXNativeTarget "PrepareForWeather" */;
			buildPhases = (
				99D665D81941B05C00FE3B83 /* Sources */,
				99D665D91941B05C00FE3B83 /* Frameworks */,
				99D665DA1941B05C00FE3B83 /* Resources */,
			);
			buildRules = (
			);
			dependencies = (
			);
			name = PrepareForWeather;
			productName = PrepareForWeather;
			productReference = 99D665DC1941B05C00FE3B83 /* PrepareForWeather.app */;
			productType = "com.apple.product-type.application";
		};
		99D665F61941B05D00FE3B83 /* PrepareForWeatherTests */ = {
			isa = PBXNativeTarget;
			buildConfigurationList = 99D6660B1941B05D00FE3B83 /* Build configuration list for PBXNativeTarget "PrepareForWeatherTests" */;
			buildPhases = (
				99D665F31941B05D00FE3B83 /* Sources */,
				99D665F41941B05D00FE3B83 /* Frameworks */,
				99D665F51941B05D00FE3B83 /* Resources */,
			);
			buildRules = (
			);
			dependencies = (
				99D665FD1941B05D00FE3B83 /* PBXTargetDependency */,
			);
			name = PrepareForWeatherTests;
			productName = PrepareForWeatherTests;
			productReference = 99D665F71941B05D00FE3B83 /* PrepareForWeatherTests.xctest */;
			productType = "com.apple.product-type.bundle.unit-test";
		};
/* End PBXNativeTarget section */

/* Begin PBXProject section */
		99D665D41941B05C00FE3B83 /* Project object */ = {
			isa = PBXProject;
			attributes = {
				LastUpgradeCheck = 0510;
				ORGANIZATIONNAME = "Chen Meisong";
				TargetAttributes = {
					99D665F61941B05D00FE3B83 = {
						TestTargetID = 99D665DB1941B05C00FE3B83;
					};
				};
			};
			buildConfigurationList = 99D665D71941B05C00FE3B83 /* Build configuration list for PBXProject "PrepareForWeather" */;
			compatibilityVersion = "Xcode 3.2";
			developmentRegion = English;
			hasScannedForEncodings = 0;
			knownRegions = (
				en,
			);
			mainGroup = 99D665D31941B05C00FE3B83;
			productRefGroup = 99D665DD1941B05C00FE3B83 /* Products */;
			projectDirPath = "";
			projectRoot = "";
			targets = (
				99D665DB1941B05C00FE3B83 /* PrepareForWeather */,
				99D665F61941B05D00FE3B83 /* PrepareForWeatherTests */,
			);
		};
/* End PBXProject section */

/* Begin PBXResourcesBuildPhase section */
		99D665DA1941B05C00FE3B83 /* Resources */ = {
			isa = PBXResourcesBuildPhase;
			buildActionMask = 2147483647;
			files = (
				99D665EA1941B05C00FE3B83 /* InfoPlist.strings in Resources */,
				99D665F21941B05D00FE3B83 /* Images.xcassets in Resources */,
				99D6064A194B04AD00F8811A /* m2_57@2x.png in Resources */,
			);
			runOnlyForDeploymentPostprocessing = 0;
		};
		99D665F51941B05D00FE3B83 /* Resources */ = {
			isa = PBXResourcesBuildPhase;
			buildActionMask = 2147483647;
			files = (
				99D666031941B05D00FE3B83 /* InfoPlist.strings in Resources */,
			);
			runOnlyForDeploymentPostprocessing = 0;
		};
/* End PBXResourcesBuildPhase section */

/* Begin PBXSourcesBuildPhase section */
		99D665D81941B05C00FE3B83 /* Sources */ = {
			isa = PBXSourcesBuildPhase;
			buildActionMask = 2147483647;
			files = (
				9935342A1946B5C8009F7784 /* WeatherExtraView.m in Sources */,
				993534271946B5B9009F7784 /* WeatherBasicView.m in Sources */,
				9948166C1941FD4500A7F895 /* CityManageView.m in Sources */,
				99D665F01941B05C00FE3B83 /* AppDelegate.m in Sources */,
				998927A61949B5C600DFC9BC /* CityItemCell.m in Sources */,
				99D24FC019470BE400A3B2BE /* GMGridViewCell.m in Sources */,
				99A7463B194ECDE600692D0E /* CCWCWeatherContentView.m in Sources */,
				99D666141941B1EF00FE3B83 /* ChangeCityWeatherViewController.m in Sources */,
				99D60643194AE12500F8811A /* M2SimpleGridView.m in Sources */,
				99592FFB1946B3F000B39EB3 /* WeatherContentView.m in Sources */,
				99A745F7194E9F1300692D0E /* ChangeCityWeatherComponentViewController.m in Sources */,
				99D24F631946FDB200A3B2BE /* ManageCityViewController.m in Sources */,
				99D24FBF19470BE400A3B2BE /* GMGridView.m in Sources */,
				99D665EC1941B05C00FE3B83 /* main.m in Sources */,
				99D6661A1941B51000FE3B83 /* ChangeCitiesView.m in Sources */,
				99D666241941C08700FE3B83 /* SettingView.m in Sources */,
				99D24FCB19470C7B00A3B2BE /* ManageCityGMViewController.m in Sources */,
				99A745FA194E9FD300692D0E /* M2Cell3DataNPagingEnabledView.m in Sources */,
				998927A31949B18000DFC9BC /* ManageCityComponentViewController.m in Sources */,
				99D666271941C09600FE3B83 /* MainView.m in Sources */,
				99D6662E1941CDC100FE3B83 /* WeatherView.m in Sources */,
				99D24F661946FDDE00A3B2BE /* CityItem.m in Sources */,
				99D24FC119470BE400A3B2BE /* GMGridViewLayoutStrategies.m in Sources */,
				99D24FC619470C1500A3B2BE /* UIGestureRecognizer+GMGridViewAdditions.m in Sources */,
				99D6661E1941C03800FE3B83 /* WeatherRootViewController.m in Sources */,
				99D666101941B0DC00FE3B83 /* RootViewController.m in Sources */,
				99D666171941B4AD00FE3B83 /* CityManager.m in Sources */,
				99D24FC719470C1500A3B2BE /* UIView+GMGridViewAdditions.m in Sources */,
				99D24FCE19470D9500A3B2BE /* CityGMCell.m in Sources */,
				99D6662A1941C11800FE3B83 /* MapView.m in Sources */,
				99D24F69194702AD00A3B2BE /* SelectCityViewController.m in Sources */,
			);
			runOnlyForDeploymentPostprocessing = 0;
		};
		99D665F31941B05D00FE3B83 /* Sources */ = {
			isa = PBXSourcesBuildPhase;
			buildActionMask = 2147483647;
			files = (
				99D666051941B05D00FE3B83 /* PrepareForWeatherTests.m in Sources */,
			);
			runOnlyForDeploymentPostprocessing = 0;
		};
/* End PBXSourcesBuildPhase section */

/* Begin PBXTargetDependency section */
		99D665FD1941B05D00FE3B83 /* PBXTargetDependency */ = {
			isa = PBXTargetDependency;
			target = 99D665DB1941B05C00FE3B83 /* PrepareForWeather */;
			targetProxy = 99D665FC1941B05D00FE3B83 /* PBXContainerItemProxy */;
		};
/* End PBXTargetDependency section */

/* Begin PBXVariantGroup section */
		99D665E81941B05C00FE3B83 /* InfoPlist.strings */ = {
			isa = PBXVariantGroup;
			children = (
				99D665E91941B05C00FE3B83 /* en */,
			);
			name = InfoPlist.strings;
			sourceTree = "<group>";
		};
		99D666011941B05D00FE3B83 /* InfoPlist.strings */ = {
			isa = PBXVariantGroup;
			children = (
				99D666021941B05D00FE3B83 /* en */,
			);
			name = InfoPlist.strings;
			sourceTree = "<group>";
		};
/* End PBXVariantGroup section */

/* Begin XCBuildConfiguration section */
		99D666061941B05D00FE3B83 /* Debug */ = {
			isa = XCBuildConfiguration;
			buildSettings = {
				ALWAYS_SEARCH_USER_PATHS = NO;
				CLANG_CXX_LANGUAGE_STANDARD = "gnu++0x";
				CLANG_CXX_LIBRARY = "libc++";
				CLANG_ENABLE_MODULES = YES;
				CLANG_ENABLE_OBJC_ARC = YES;
				CLANG_WARN_BOOL_CONVERSION = YES;
				CLANG_WARN_CONSTANT_CONVERSION = YES;
				CLANG_WARN_DIRECT_OBJC_ISA_USAGE = YES_ERROR;
				CLANG_WARN_EMPTY_BODY = YES;
				CLANG_WARN_ENUM_CONVERSION = YES;
				CLANG_WARN_INT_CONVERSION = YES;
				CLANG_WARN_OBJC_ROOT_CLASS = YES_ERROR;
				CLANG_WARN__DUPLICATE_METHOD_MATCH = YES;
				"CODE_SIGN_IDENTITY[sdk=iphoneos*]" = "iPhone Developer";
				COPY_PHASE_STRIP = NO;
				GCC_C_LANGUAGE_STANDARD = gnu99;
				GCC_DYNAMIC_NO_PIC = NO;
				GCC_OPTIMIZATION_LEVEL = 0;
				GCC_PREPROCESSOR_DEFINITIONS = (
					"DEBUG=1",
					"$(inherited)",
				);
				GCC_SYMBOLS_PRIVATE_EXTERN = NO;
				GCC_WARN_64_TO_32_BIT_CONVERSION = YES;
				GCC_WARN_ABOUT_RETURN_TYPE = YES_ERROR;
				GCC_WARN_UNDECLARED_SELECTOR = YES;
				GCC_WARN_UNINITIALIZED_AUTOS = YES_AGGRESSIVE;
				GCC_WARN_UNUSED_FUNCTION = YES;
				GCC_WARN_UNUSED_VARIABLE = YES;
				IPHONEOS_DEPLOYMENT_TARGET = 5.0;
				ONLY_ACTIVE_ARCH = YES;
				SDKROOT = iphoneos;
				TARGETED_DEVICE_FAMILY = "1,2";
			};
			name = Debug;
		};
		99D666071941B05D00FE3B83 /* Release */ = {
			isa = XCBuildConfiguration;
			buildSettings = {
				ALWAYS_SEARCH_USER_PATHS = NO;
				CLANG_CXX_LANGUAGE_STANDARD = "gnu++0x";
				CLANG_CXX_LIBRARY = "libc++";
				CLANG_ENABLE_MODULES = YES;
				CLANG_ENABLE_OBJC_ARC = YES;
				CLANG_WARN_BOOL_CONVERSION = YES;
				CLANG_WARN_CONSTANT_CONVERSION = YES;
				CLANG_WARN_DIRECT_OBJC_ISA_USAGE = YES_ERROR;
				CLANG_WARN_EMPTY_BODY = YES;
				CLANG_WARN_ENUM_CONVERSION = YES;
				CLANG_WARN_INT_CONVERSION = YES;
				CLANG_WARN_OBJC_ROOT_CLASS = YES_ERROR;
				CLANG_WARN__DUPLICATE_METHOD_MATCH = YES;
				"CODE_SIGN_IDENTITY[sdk=iphoneos*]" = "iPhone Developer";
				COPY_PHASE_STRIP = YES;
				ENABLE_NS_ASSERTIONS = NO;
				GCC_C_LANGUAGE_STANDARD = gnu99;
				GCC_WARN_64_TO_32_BIT_CONVERSION = YES;
				GCC_WARN_ABOUT_RETURN_TYPE = YES_ERROR;
				GCC_WARN_UNDECLARED_SELECTOR = YES;
				GCC_WARN_UNINITIALIZED_AUTOS = YES_AGGRESSIVE;
				GCC_WARN_UNUSED_FUNCTION = YES;
				GCC_WARN_UNUSED_VARIABLE = YES;
				IPHONEOS_DEPLOYMENT_TARGET = 5.0;
				SDKROOT = iphoneos;
				TARGETED_DEVICE_FAMILY = "1,2";
				VALIDATE_PRODUCT = YES;
			};
			name = Release;
		};
		99D666091941B05D00FE3B83 /* Debug */ = {
			isa = XCBuildConfiguration;
			buildSettings = {
				ASSETCATALOG_COMPILER_APPICON_NAME = AppIcon;
				ASSETCATALOG_COMPILER_LAUNCHIMAGE_NAME = LaunchImage;
				GCC_PRECOMPILE_PREFIX_HEADER = YES;
				GCC_PREFIX_HEADER = "PrepareForWeather/PrepareForWeather-Prefix.pch";
				INFOPLIST_FILE = "PrepareForWeather/PrepareForWeather-Info.plist";
				PRODUCT_NAME = "$(TARGET_NAME)";
				PROVISIONING_PROFILE = "1DB3A357-D874-48B7-935D-7CEF6C83F733";
				WRAPPER_EXTENSION = app;
			};
			name = Debug;
		};
		99D6660A1941B05D00FE3B83 /* Release */ = {
			isa = XCBuildConfiguration;
			buildSettings = {
				ASSETCATALOG_COMPILER_APPICON_NAME = AppIcon;
				ASSETCATALOG_COMPILER_LAUNCHIMAGE_NAME = LaunchImage;
				GCC_PRECOMPILE_PREFIX_HEADER = YES;
				GCC_PREFIX_HEADER = "PrepareForWeather/PrepareForWeather-Prefix.pch";
				INFOPLIST_FILE = "PrepareForWeather/PrepareForWeather-Info.plist";
				PRODUCT_NAME = "$(TARGET_NAME)";
				PROVISIONING_PROFILE = "1DB3A357-D874-48B7-935D-7CEF6C83F733";
				WRAPPER_EXTENSION = app;
			};
			name = Release;
		};
		99D6660C1941B05D00FE3B83 /* Debug */ = {
			isa = XCBuildConfiguration;
			buildSettings = {
				BUNDLE_LOADER = "$(BUILT_PRODUCTS_DIR)/PrepareForWeather.app/PrepareForWeather";
				FRAMEWORK_SEARCH_PATHS = (
					"$(SDKROOT)/Developer/Library/Frameworks",
					"$(inherited)",
					"$(DEVELOPER_FRAMEWORKS_DIR)",
				);
				GCC_PRECOMPILE_PREFIX_HEADER = YES;
				GCC_PREFIX_HEADER = "PrepareForWeather/PrepareForWeather-Prefix.pch";
				GCC_PREPROCESSOR_DEFINITIONS = (
					"DEBUG=1",
					"$(inherited)",
				);
				INFOPLIST_FILE = "PrepareForWeatherTests/PrepareForWeatherTests-Info.plist";
				PRODUCT_NAME = "$(TARGET_NAME)";
				TEST_HOST = "$(BUNDLE_LOADER)";
				WRAPPER_EXTENSION = xctest;
			};
			name = Debug;
		};
		99D6660D1941B05D00FE3B83 /* Release */ = {
			isa = XCBuildConfiguration;
			buildSettings = {
				BUNDLE_LOADER = "$(BUILT_PRODUCTS_DIR)/PrepareForWeather.app/PrepareForWeather";
				FRAMEWORK_SEARCH_PATHS = (
					"$(SDKROOT)/Developer/Library/Frameworks",
					"$(inherited)",
					"$(DEVELOPER_FRAMEWORKS_DIR)",
				);
				GCC_PRECOMPILE_PREFIX_HEADER = YES;
				GCC_PREFIX_HEADER = "PrepareForWeather/PrepareForWeather-Prefix.pch";
				INFOPLIST_FILE = "PrepareForWeatherTests/PrepareForWeatherTests-Info.plist";
				PRODUCT_NAME = "$(TARGET_NAME)";
				TEST_HOST = "$(BUNDLE_LOADER)";
				WRAPPER_EXTENSION = xctest;
			};
			name = Release;
		};
/* End XCBuildConfiguration section */

/* Begin XCConfigurationList section */
		99D665D71941B05C00FE3B83 /* Build configuration list for PBXProject "PrepareForWeather" */ = {
			isa = XCConfigurationList;
			buildConfigurations = (
				99D666061941B05D00FE3B83 /* Debug */,
				99D666071941B05D00FE3B83 /* Release */,
			);
			defaultConfigurationIsVisible = 0;
			defaultConfigurationName = Release;
		};
		99D666081941B05D00FE3B83 /* Build configuration list for PBXNativeTarget "PrepareForWeather" */ = {
			isa = XCConfigurationList;
			buildConfigurations = (
				99D666091941B05D00FE3B83 /* Debug */,
				99D6660A1941B05D00FE3B83 /* Release */,
			);
			defaultConfigurationIsVisible = 0;
			defaultConfigurationName = Release;
		};
		99D6660B1941B05D00FE3B83 /* Build configuration list for PBXNativeTarget "PrepareForWeatherTests" */ = {
			isa = XCConfigurationList;
			buildConfigurations = (
				99D6660C1941B05D00FE3B83 /* Debug */,
				99D6660D1941B05D00FE3B83 /* Release */,
			);
			defaultConfigurationIsVisible = 0;
			defaultConfigurationName = Release;
		};
/* End XCConfigurationList section */
	};
	rootObject = 99D665D41941B05C00FE3B83 /* Project object */;
}
